// !$*UTF8*$!
{
	archiveVersion = 1;
	classes = {
	};
	objectVersion = 50;
	objects = {

/* Begin PBXBuildFile section */
		24A68C5E20CC967400A9B215 /* PairingTests.swift in Sources */ = {isa = PBXBuildFile; fileRef = 24A68C5D20CC967400A9B215 /* PairingTests.swift */; };
		24A68C6020CC967400A9B215 /* Pairing.framework in Frameworks */ = {isa = PBXBuildFile; fileRef = 24A68C4C20CC965600A9B215 /* Pairing.framework */; };
		24A68C6720CC977E00A9B215 /* Pairing.swift in Sources */ = {isa = PBXBuildFile; fileRef = 24A68C6620CC977E00A9B215 /* Pairing.swift */; };
/* End PBXBuildFile section */

/* Begin PBXContainerItemProxy section */
		24A68C6120CC967400A9B215 /* PBXContainerItemProxy */ = {
			isa = PBXContainerItemProxy;
			containerPortal = 24A68C4320CC965600A9B215 /* Project object */;
			proxyType = 1;
			remoteGlobalIDString = 24A68C4B20CC965600A9B215;
			remoteInfo = Pairing;
		};
/* End PBXContainerItemProxy section */

/* Begin PBXFileReference section */
		24A68C4C20CC965600A9B215 /* Pairing.framework */ = {isa = PBXFileReference; explicitFileType = wrapper.framework; includeInIndex = 0; path = Pairing.framework; sourceTree = BUILT_PRODUCTS_DIR; };
		24A68C5020CC965600A9B215 /* Info.plist */ = {isa = PBXFileReference; lastKnownFileType = text.plist.xml; path = Info.plist; sourceTree = "<group>"; };
		24A68C5B20CC967400A9B215 /* Pairing Tests.xctest */ = {isa = PBXFileReference; explicitFileType = wrapper.cfbundle; includeInIndex = 0; path = "Pairing Tests.xctest"; sourceTree = BUILT_PRODUCTS_DIR; };
		24A68C5D20CC967400A9B215 /* PairingTests.swift */ = {isa = PBXFileReference; lastKnownFileType = sourcecode.swift; path = PairingTests.swift; sourceTree = "<group>"; };
		24A68C5F20CC967400A9B215 /* Info.plist */ = {isa = PBXFileReference; lastKnownFileType = text.plist.xml; path = Info.plist; sourceTree = "<group>"; };
		24A68C6620CC977E00A9B215 /* Pairing.swift */ = {isa = PBXFileReference; lastKnownFileType = sourcecode.swift; path = Pairing.swift; sourceTree = "<group>"; };
/* End PBXFileReference section */

/* Begin PBXFrameworksBuildPhase section */
		24A68C4920CC965600A9B215 /* Frameworks */ = {
			isa = PBXFrameworksBuildPhase;
			buildActionMask = 2147483647;
			files = (
			);
			runOnlyForDeploymentPostprocessing = 0;
		};
		24A68C5820CC967400A9B215 /* Frameworks */ = {
			isa = PBXFrameworksBuildPhase;
			buildActionMask = 2147483647;
			files = (
				24A68C6020CC967400A9B215 /* Pairing.framework in Frameworks */,
			);
			runOnlyForDeploymentPostprocessing = 0;
		};
/* End PBXFrameworksBuildPhase section */

/* Begin PBXGroup section */
		24A68C4220CC965600A9B215 = {
			isa = PBXGroup;
			children = (
				24A68C4E20CC965600A9B215 /* Pairing */,
				24A68C5C20CC967400A9B215 /* Pairing Tests */,
				24A68C4D20CC965600A9B215 /* Products */,
			);
			sourceTree = "<group>";
		};
		24A68C4D20CC965600A9B215 /* Products */ = {
			isa = PBXGroup;
			children = (
				24A68C4C20CC965600A9B215 /* Pairing.framework */,
				24A68C5B20CC967400A9B215 /* Pairing Tests.xctest */,
			);
			name = Products;
			sourceTree = "<group>";
		};
		24A68C4E20CC965600A9B215 /* Pairing */ = {
			isa = PBXGroup;
			children = (
				24A68C6620CC977E00A9B215 /* Pairing.swift */,
				24A68C5020CC965600A9B215 /* Info.plist */,
			);
			path = Pairing;
			sourceTree = "<group>";
		};
		24A68C5C20CC967400A9B215 /* Pairing Tests */ = {
			isa = PBXGroup;
			children = (
				24A68C5D20CC967400A9B215 /* PairingTests.swift */,
				24A68C5F20CC967400A9B215 /* Info.plist */,
			);
			path = "Pairing Tests";
			sourceTree = "<group>";
		};
/* End PBXGroup section */

/* Begin PBXHeadersBuildPhase section */
		24A68C4720CC965600A9B215 /* Headers */ = {
			isa = PBXHeadersBuildPhase;
			buildActionMask = 2147483647;
			files = (
			);
			runOnlyForDeploymentPostprocessing = 0;
		};
/* End PBXHeadersBuildPhase section */

/* Begin PBXNativeTarget section */
		24A68C4B20CC965600A9B215 /* Pairing */ = {
			isa = PBXNativeTarget;
			buildConfigurationList = 24A68C5420CC965600A9B215 /* Build configuration list for PBXNativeTarget "Pairing" */;
			buildPhases = (
				24A68C4720CC965600A9B215 /* Headers */,
				24A68C4820CC965600A9B215 /* Sources */,
				24A68C4920CC965600A9B215 /* Frameworks */,
				24A68C4A20CC965600A9B215 /* Resources */,
			);
			buildRules = (
			);
			dependencies = (
			);
			name = Pairing;
			productName = Pairing;
			productReference = 24A68C4C20CC965600A9B215 /* Pairing.framework */;
			productType = "com.apple.product-type.framework";
		};
		24A68C5A20CC967400A9B215 /* Pairing Tests */ = {
			isa = PBXNativeTarget;
			buildConfigurationList = 24A68C6320CC967400A9B215 /* Build configuration list for PBXNativeTarget "Pairing Tests" */;
			buildPhases = (
				24A68C5720CC967400A9B215 /* Sources */,
				24A68C5820CC967400A9B215 /* Frameworks */,
				24A68C5920CC967400A9B215 /* Resources */,
			);
			buildRules = (
			);
			dependencies = (
				24A68C6220CC967400A9B215 /* PBXTargetDependency */,
			);
			name = "Pairing Tests";
			productName = "Pairing Tests";
			productReference = 24A68C5B20CC967400A9B215 /* Pairing Tests.xctest */;
			productType = "com.apple.product-type.bundle.unit-test";
		};
/* End PBXNativeTarget section */

/* Begin PBXProject section */
		24A68C4320CC965600A9B215 /* Project object */ = {
			isa = PBXProject;
			attributes = {
				LastSwiftUpdateCheck = 1000;
				LastUpgradeCheck = 1000;
				ORGANIZATIONNAME = "Daniel Tull";
				TargetAttributes = {
					24A68C4B20CC965600A9B215 = {
						CreatedOnToolsVersion = 10.0;
						LastSwiftMigration = 1000;
					};
					24A68C5A20CC967400A9B215 = {
						CreatedOnToolsVersion = 10.0;
					};
				};
			};
			buildConfigurationList = 24A68C4620CC965600A9B215 /* Build configuration list for PBXProject "Pairing" */;
			compatibilityVersion = "Xcode 9.3";
			developmentRegion = en;
			hasScannedForEncodings = 0;
			knownRegions = (
				en,
			);
			mainGroup = 24A68C4220CC965600A9B215;
			productRefGroup = 24A68C4D20CC965600A9B215 /* Products */;
			projectDirPath = "";
			projectRoot = "";
			targets = (
				24A68C4B20CC965600A9B215 /* Pairing */,
				24A68C5A20CC967400A9B215 /* Pairing Tests */,
			);
		};
/* End PBXProject section */

/* Begin PBXResourcesBuildPhase section */
		24A68C4A20CC965600A9B215 /* Resources */ = {
			isa = PBXResourcesBuildPhase;
			buildActionMask = 2147483647;
			files = (
			);
			runOnlyForDeploymentPostprocessing = 0;
		};
		24A68C5920CC967400A9B215 /* Resources */ = {
			isa = PBXResourcesBuildPhase;
			buildActionMask = 2147483647;
			files = (
			);
			runOnlyForDeploymentPostprocessing = 0;
		};
/* End PBXResourcesBuildPhase section */

/* Begin PBXSourcesBuildPhase section */
		24A68C4820CC965600A9B215 /* Sources */ = {
			isa = PBXSourcesBuildPhase;
			buildActionMask = 2147483647;
			files = (
				24A68C6720CC977E00A9B215 /* Pairing.swift in Sources */,
			);
			runOnlyForDeploymentPostprocessing = 0;
		};
		24A68C5720CC967400A9B215 /* Sources */ = {
			isa = PBXSourcesBuildPhase;
			buildActionMask = 2147483647;
			files = (
				24A68C5E20CC967400A9B215 /* PairingTests.swift in Sources */,
			);
			runOnlyForDeploymentPostprocessing = 0;
		};
/* End PBXSourcesBuildPhase section */

/* Begin PBXTargetDependency section */
		24A68C6220CC967400A9B215 /* PBXTargetDependency */ = {
			isa = PBXTargetDependency;
			target = 24A68C4B20CC965600A9B215 /* Pairing */;
			targetProxy = 24A68C6120CC967400A9B215 /* PBXContainerItemProxy */;
		};
/* End PBXTargetDependency section */

/* Begin XCBuildConfiguration section */
		24A68C5220CC965600A9B215 /* Debug */ = {
			isa = XCBuildConfiguration;
			buildSettings = {
				ALWAYS_SEARCH_USER_PATHS = NO;
				CLANG_ANALYZER_NONNULL = YES;
				CLANG_ANALYZER_NUMBER_OBJECT_CONVERSION = YES_AGGRESSIVE;
				CLANG_CXX_LANGUAGE_STANDARD = "gnu++14";
				CLANG_CXX_LIBRARY = "libc++";
				CLANG_ENABLE_MODULES = YES;
				CLANG_ENABLE_OBJC_ARC = YES;
				CLANG_ENABLE_OBJC_WEAK = YES;
				CLANG_WARN_BLOCK_CAPTURE_AUTORELEASING = YES;
				CLANG_WARN_BOOL_CONVERSION = YES;
				CLANG_WARN_COMMA = YES;
				CLANG_WARN_CONSTANT_CONVERSION = YES;
				CLANG_WARN_DEPRECATED_OBJC_IMPLEMENTATIONS = YES;
				CLANG_WARN_DIRECT_OBJC_ISA_USAGE = YES_ERROR;
				CLANG_WARN_DOCUMENTATION_COMMENTS = YES;
				CLANG_WARN_EMPTY_BODY = YES;
				CLANG_WARN_ENUM_CONVERSION = YES;
				CLANG_WARN_INFINITE_RECURSION = YES;
				CLANG_WARN_INT_CONVERSION = YES;
				CLANG_WARN_NON_LITERAL_NULL_CONVERSION = YES;
				CLANG_WARN_OBJC_IMPLICIT_RETAIN_SELF = YES;
				CLANG_WARN_OBJC_LITERAL_CONVERSION = YES;
				CLANG_WARN_OBJC_ROOT_CLASS = YES_ERROR;
				CLANG_WARN_RANGE_LOOP_ANALYSIS = YES;
				CLANG_WARN_STRICT_PROTOTYPES = YES;
				CLANG_WARN_SUSPICIOUS_MOVE = YES;
				CLANG_WARN_UNGUARDED_AVAILABILITY = YES_AGGRESSIVE;
				CLANG_WARN_UNREACHABLE_CODE = YES;
				CLANG_WARN__DUPLICATE_METHOD_MATCH = YES;
				CODE_SIGN_IDENTITY = "Mac Developer";
				COPY_PHASE_STRIP = NO;
				CURRENT_PROJECT_VERSION = 1;
				DEBUG_INFORMATION_FORMAT = dwarf;
				ENABLE_STRICT_OBJC_MSGSEND = YES;
				ENABLE_TESTABILITY = YES;
				GCC_C_LANGUAGE_STANDARD = gnu11;
				GCC_DYNAMIC_NO_PIC = NO;
				GCC_NO_COMMON_BLOCKS = YES;
				GCC_OPTIMIZATION_LEVEL = 0;
				GCC_PREPROCESSOR_DEFINITIONS = (
					"DEBUG=1",
					"$(inherited)",
				);
				GCC_WARN_64_TO_32_BIT_CONVERSION = YES;
				GCC_WARN_ABOUT_RETURN_TYPE = YES_ERROR;
				GCC_WARN_UNDECLARED_SELECTOR = YES;
				GCC_WARN_UNINITIALIZED_AUTOS = YES_AGGRESSIVE;
				GCC_WARN_UNUSED_FUNCTION = YES;
				GCC_WARN_UNUSED_VARIABLE = YES;
				MACOSX_DEPLOYMENT_TARGET = 10.13;
				MTL_ENABLE_DEBUG_INFO = INCLUDE_SOURCE;
				ONLY_ACTIVE_ARCH = YES;
				SDKROOT = macosx;
				SWIFT_ACTIVE_COMPILATION_CONDITIONS = DEBUG;
				SWIFT_OPTIMIZATION_LEVEL = "-Onone";
				VERSIONING_SYSTEM = "apple-generic";
				VERSION_INFO_PREFIX = "";
			};
			name = Debug;
		};
		24A68C5320CC965600A9B215 /* Release */ = {
			isa = XCBuildConfiguration;
			buildSettings = {
				ALWAYS_SEARCH_USER_PATHS = NO;
				CLANG_ANALYZER_NONNULL = YES;
				CLANG_ANALYZER_NUMBER_OBJECT_CONVERSION = YES_AGGRESSIVE;
				CLANG_CXX_LANGUAGE_STANDARD = "gnu++14";
				CLANG_CXX_LIBRARY = "libc++";
				CLANG_ENABLE_MODULES = YES;
				CLANG_ENABLE_OBJC_ARC = YES;
				CLANG_ENABLE_OBJC_WEAK = YES;
				CLANG_WARN_BLOCK_CAPTURE_AUTORELEASING = YES;
				CLANG_WARN_BOOL_CONVERSION = YES;
				CLANG_WARN_COMMA = YES;
				CLANG_WARN_CONSTANT_CONVERSION = YES;
				CLANG_WARN_DEPRECATED_OBJC_IMPLEMENTATIONS = YES;
				CLANG_WARN_DIRECT_OBJC_ISA_USAGE = YES_ERROR;
				CLANG_WARN_DOCUMENTATION_COMMENTS = YES;
				CLANG_WARN_EMPTY_BODY = YES;
				CLANG_WARN_ENUM_CONVERSION = YES;
				CLANG_WARN_INFINITE_RECURSION = YES;
				CLANG_WARN_INT_CONVERSION = YES;
				CLANG_WARN_NON_LITERAL_NULL_CONVERSION = YES;
				CLANG_WARN_OBJC_IMPLICIT_RETAIN_SELF = YES;
				CLANG_WARN_OBJC_LITERAL_CONVERSION = YES;
				CLANG_WARN_OBJC_ROOT_CLASS = YES_ERROR;
				CLANG_WARN_RANGE_LOOP_ANALYSIS = YES;
				CLANG_WARN_STRICT_PROTOTYPES = YES;
				CLANG_WARN_SUSPICIOUS_MOVE = YES;
				CLANG_WARN_UNGUARDED_AVAILABILITY = YES_AGGRESSIVE;
				CLANG_WARN_UNREACHABLE_CODE = YES;
				CLANG_WARN__DUPLICATE_METHOD_MATCH = YES;
				CODE_SIGN_IDENTITY = "Mac Developer";
				COPY_PHASE_STRIP = NO;
				CURRENT_PROJECT_VERSION = 1;
				DEBUG_INFORMATION_FORMAT = "dwarf-with-dsym";
				ENABLE_NS_ASSERTIONS = NO;
				ENABLE_STRICT_OBJC_MSGSEND = YES;
				GCC_C_LANGUAGE_STANDARD = gnu11;
				GCC_NO_COMMON_BLOCKS = YES;
				GCC_WARN_64_TO_32_BIT_CONVERSION = YES;
				GCC_WARN_ABOUT_RETURN_TYPE = YES_ERROR;
				GCC_WARN_UNDECLARED_SELECTOR = YES;
				GCC_WARN_UNINITIALIZED_AUTOS = YES_AGGRESSIVE;
				GCC_WARN_UNUSED_FUNCTION = YES;
				GCC_WARN_UNUSED_VARIABLE = YES;
				MACOSX_DEPLOYMENT_TARGET = 10.13;
				MTL_ENABLE_DEBUG_INFO = NO;
				SDKROOT = macosx;
				SWIFT_COMPILATION_MODE = wholemodule;
				SWIFT_OPTIMIZATION_LEVEL = "-O";
				VERSIONING_SYSTEM = "apple-generic";
				VERSION_INFO_PREFIX = "";
			};
			name = Release;
		};
		24A68C5520CC965600A9B215 /* Debug */ = {
			isa = XCBuildConfiguration;
			buildSettings = {
				CLANG_ENABLE_MODULES = YES;
				CODE_SIGN_IDENTITY = "";
				CODE_SIGN_STYLE = Automatic;
				COMBINE_HIDPI_IMAGES = YES;
				DEFINES_MODULE = YES;
				DEVELOPMENT_TEAM = B2M757K4LG;
				DYLIB_COMPATIBILITY_VERSION = 1;
				DYLIB_CURRENT_VERSION = 1;
				DYLIB_INSTALL_NAME_BASE = "@rpath";
				FRAMEWORK_VERSION = A;
				INFOPLIST_FILE = Pairing/Info.plist;
				INSTALL_PATH = "$(LOCAL_LIBRARY_DIR)/Frameworks";
				LD_RUNPATH_SEARCH_PATHS = (
					"$(inherited)",
					"@executable_path/../Frameworks",
					"@loader_path/Frameworks",
				);
				PRODUCT_BUNDLE_IDENTIFIER = uk.co.danieltull.Pairing;
				PRODUCT_NAME = "$(TARGET_NAME:c99extidentifier)";
				SKIP_INSTALL = YES;
				SWIFT_OPTIMIZATION_LEVEL = "-Onone";
				SWIFT_VERSION = 4.2;
			};
			name = Debug;
		};
		24A68C5620CC965600A9B215 /* Release */ = {
			isa = XCBuildConfiguration;
			buildSettings = {
				CLANG_ENABLE_MODULES = YES;
				CODE_SIGN_IDENTITY = "";
				CODE_SIGN_STYLE = Automatic;
				COMBINE_HIDPI_IMAGES = YES;
				DEFINES_MODULE = YES;
				DEVELOPMENT_TEAM = B2M757K4LG;
				DYLIB_COMPATIBILITY_VERSION = 1;
				DYLIB_CURRENT_VERSION = 1;
				DYLIB_INSTALL_NAME_BASE = "@rpath";
				FRAMEWORK_VERSION = A;
				INFOPLIST_FILE = Pairing/Info.plist;
				INSTALL_PATH = "$(LOCAL_LIBRARY_DIR)/Frameworks";
				LD_RUNPATH_SEARCH_PATHS = (
					"$(inherited)",
					"@executable_path/../Frameworks",
					"@loader_path/Frameworks",
				);
				PRODUCT_BUNDLE_IDENTIFIER = uk.co.danieltull.Pairing;
				PRODUCT_NAME = "$(TARGET_NAME:c99extidentifier)";
				SKIP_INSTALL = YES;
				SWIFT_VERSION = 4.2;
			};
			name = Release;
		};
		24A68C6420CC967400A9B215 /* Debug */ = {
			isa = XCBuildConfiguration;
			buildSettings = {
				ALWAYS_EMBED_SWIFT_STANDARD_LIBRARIES = YES;
				CODE_SIGN_STYLE = Automatic;
				COMBINE_HIDPI_IMAGES = YES;
				DEVELOPMENT_TEAM = B2M757K4LG;
				INFOPLIST_FILE = "Pairing Tests/Info.plist";
				LD_RUNPATH_SEARCH_PATHS = (
					"$(inherited)",
					"@executable_path/../Frameworks",
					"@loader_path/../Frameworks",
				);
				PRODUCT_BUNDLE_IDENTIFIER = "uk.co.danieltull.Pairing-Tests";
				PRODUCT_NAME = "$(TARGET_NAME)";
				SWIFT_VERSION = 4.2;
			};
			name = Debug;
		};
		24A68C6520CC967400A9B215 /* Release */ = {
			isa = XCBuildConfiguration;
			buildSettings = {
				ALWAYS_EMBED_SWIFT_STANDARD_LIBRARIES = YES;
				CODE_SIGN_STYLE = Automatic;
				COMBINE_HIDPI_IMAGES = YES;
				DEVELOPMENT_TEAM = B2M757K4LG;
				INFOPLIST_FILE = "Pairing Tests/Info.plist";
				LD_RUNPATH_SEARCH_PATHS = (
					"$(inherited)",
					"@executable_path/../Frameworks",
					"@loader_path/../Frameworks",
				);
				PRODUCT_BUNDLE_IDENTIFIER = "uk.co.danieltull.Pairing-Tests";
				PRODUCT_NAME = "$(TARGET_NAME)";
				SWIFT_VERSION = 4.2;
			};
			name = Release;
		};
/* End XCBuildConfiguration section */

/* Begin XCConfigurationList section */
		24A68C4620CC965600A9B215 /* Build configuration list for PBXProject "Pairing" */ = {
			isa = XCConfigurationList;
			buildConfigurations = (
				24A68C5220CC965600A9B215 /* Debug */,
				24A68C5320CC965600A9B215 /* Release */,
			);
			defaultConfigurationIsVisible = 0;
			defaultConfigurationName = Release;
		};
		24A68C5420CC965600A9B215 /* Build configuration list for PBXNativeTarget "Pairing" */ = {
			isa = XCConfigurationList;
			buildConfigurations = (
				24A68C5520CC965600A9B215 /* Debug */,
				24A68C5620CC965600A9B215 /* Release */,
			);
			defaultConfigurationIsVisible = 0;
			defaultConfigurationName = Release;
		};
		24A68C6320CC967400A9B215 /* Build configuration list for PBXNativeTarget "Pairing Tests" */ = {
			isa = XCConfigurationList;
			buildConfigurations = (
				24A68C6420CC967400A9B215 /* Debug */,
				24A68C6520CC967400A9B215 /* Release */,
			);
			defaultConfigurationIsVisible = 0;
			defaultConfigurationName = Release;
		};
/* End XCConfigurationList section */
	};
	rootObject = 24A68C4320CC965600A9B215 /* Project object */;
}
